
Microsoft Visual Studio Solution File, Format Version 12.00
# Visual Studio Version 17
VisualStudioVersion = 17.0.31912.275
MinimumVisualStudioVersion = 10.0.40219.1
Project("{9A19103F-16F7-4668-BE54-9A1E7A4F7556}") = "MVVMworksample", "MVVMworksample\MVVMworksample.csproj", "{00C61749-C88E-46A8-9AA4-C91C3349F121}"
EndProject
Project("{9A19103F-16F7-4668-BE54-9A1E7A4F7556}") = "Model", "Model\Model.csproj", "{96E691ED-6094-465B-B8A6-FB5EA248BC3A}"
EndProject
Project("{9A19103F-16F7-4668-BE54-9A1E7A4F7556}") = "MVVMCaliburnMicro", "MVVMCaliburnMicro\MVVMCaliburnMicro.csproj", "{FB44B684-CE75-4ABA-9A58-605EC9F1C6A6}"
EndProject
Project("{FAE04EC0-301F-11D3-BF4B-00C04F79EFBC}") = "MapControl.WPF", "MapControl\MapControl.WPF.csproj", "{226F3575-B683-446D-A2F0-181291DC8787}"
EndProject
Project("{FAE04EC0-301F-11D3-BF4B-00C04F79EFBC}") = "UniversalMap", "UniversalMap\UniversalMap.csproj", "{C853E9E0-8FF8-4A66-A8C4-39EBB2B40830}"
EndProject
Project("{9A19103F-16F7-4668-BE54-9A1E7A4F7556}") = "Mapdotnet30", "MapDotnet30\Mapdotnet30.csproj", "{A825D5D3-BA4D-4823-B1D6-7BDB923363A8}"
EndProject
Global
	GlobalSection(SolutionConfigurationPlatforms) = preSolution
		Debug|Any CPU = Debug|Any CPU
		Debug|ARM = Debug|ARM
		Debug|ARM64 = Debug|ARM64
		Debug|x64 = Debug|x64
		Debug|x86 = Debug|x86
		Release|Any CPU = Release|Any CPU
		Release|ARM = Release|ARM
		Release|ARM64 = Release|ARM64
		Release|x64 = Release|x64
		Release|x86 = Release|x86
	EndGlobalSection
	GlobalSection(ProjectConfigurationPlatforms) = postSolution
		{00C61749-C88E-46A8-9AA4-C91C3349F121}.Debug|Any CPU.ActiveCfg = Debug|Any CPU
		{00C61749-C88E-46A8-9AA4-C91C3349F121}.Debug|Any CPU.Build.0 = Debug|Any CPU
		{00C61749-C88E-46A8-9AA4-C91C3349F121}.Debug|ARM.ActiveCfg = Debug|Any CPU
		{00C61749-C88E-46A8-9AA4-C91C3349F121}.Debug|ARM.Build.0 = Debug|Any CPU
		{00C61749-C88E-46A8-9AA4-C91C3349F121}.Debug|ARM64.ActiveCfg = Debug|Any CPU
		{00C61749-C88E-46A8-9AA4-C91C3349F121}.Debug|ARM64.Build.0 = Debug|Any CPU
		{00C61749-C88E-46A8-9AA4-C91C3349F121}.Debug|x64.ActiveCfg = Debug|Any CPU
		{00C61749-C88E-46A8-9AA4-C91C3349F121}.Debug|x64.Build.0 = Debug|Any CPU
		{00C61749-C88E-46A8-9AA4-C91C3349F121}.Debug|x86.ActiveCfg = Debug|Any CPU
		{00C61749-C88E-46A8-9AA4-C91C3349F121}.Debug|x86.Build.0 = Debug|Any CPU
		{00C61749-C88E-46A8-9AA4-C91C3349F121}.Release|Any CPU.ActiveCfg = Release|Any CPU
		{00C61749-C88E-46A8-9AA4-C91C3349F121}.Release|Any CPU.Build.0 = Release|Any CPU
		{00C61749-C88E-46A8-9AA4-C91C3349F121}.Release|ARM.ActiveCfg = Release|Any CPU
		{00C61749-C88E-46A8-9AA4-C91C3349F121}.Release|ARM.Build.0 = Release|Any CPU
		{00C61749-C88E-46A8-9AA4-C91C3349F121}.Release|ARM64.ActiveCfg = Release|Any CPU
		{00C61749-C88E-46A8-9AA4-C91C3349F121}.Release|ARM64.Build.0 = Release|Any CPU
		{00C61749-C88E-46A8-9AA4-C91C3349F121}.Release|x64.ActiveCfg = Release|Any CPU
		{00C61749-C88E-46A8-9AA4-C91C3349F121}.Release|x64.Build.0 = Release|Any CPU
		{00C61749-C88E-46A8-9AA4-C91C3349F121}.Release|x86.ActiveCfg = Release|Any CPU
		{00C61749-C88E-46A8-9AA4-C91C3349F121}.Release|x86.Build.0 = Release|Any CPU
		{96E691ED-6094-465B-B8A6-FB5EA248BC3A}.Debug|Any CPU.ActiveCfg = Debug|Any CPU
		{96E691ED-6094-465B-B8A6-FB5EA248BC3A}.Debug|Any CPU.Build.0 = Debug|Any CPU
		{96E691ED-6094-465B-B8A6-FB5EA248BC3A}.Debug|ARM.ActiveCfg = Debug|Any CPU
		{96E691ED-6094-465B-B8A6-FB5EA248BC3A}.Debug|ARM.Build.0 = Debug|Any CPU
		{96E691ED-6094-465B-B8A6-FB5EA248BC3A}.Debug|ARM64.ActiveCfg = Debug|Any CPU
		{96E691ED-6094-465B-B8A6-FB5EA248BC3A}.Debug|ARM64.Build.0 = Debug|Any CPU
		{96E691ED-6094-465B-B8A6-FB5EA248BC3A}.Debug|x64.ActiveCfg = Debug|Any CPU
		{96E691ED-6094-465B-B8A6-FB5EA248BC3A}.Debug|x64.Build.0 = Debug|Any CPU
		{96E691ED-6094-465B-B8A6-FB5EA248BC3A}.Debug|x86.ActiveCfg = Debug|Any CPU
		{96E691ED-6094-465B-B8A6-FB5EA248BC3A}.Debug|x86.Build.0 = Debug|Any CPU
		{96E691ED-6094-465B-B8A6-FB5EA248BC3A}.Release|Any CPU.ActiveCfg = Release|Any CPU
		{96E691ED-6094-465B-B8A6-FB5EA248BC3A}.Release|Any CPU.Build.0 = Release|Any CPU
		{96E691ED-6094-465B-B8A6-FB5EA248BC3A}.Release|ARM.ActiveCfg = Release|Any CPU
		{96E691ED-6094-465B-B8A6-FB5EA248BC3A}.Release|ARM.Build.0 = Release|Any CPU
		{96E691ED-6094-465B-B8A6-FB5EA248BC3A}.Release|ARM64.ActiveCfg = Release|Any CPU
		{96E691ED-6094-465B-B8A6-FB5EA248BC3A}.Release|ARM64.Build.0 = Release|Any CPU
		{96E691ED-6094-465B-B8A6-FB5EA248BC3A}.Release|x64.ActiveCfg = Release|Any CPU
		{96E691ED-6094-465B-B8A6-FB5EA248BC3A}.Release|x64.Build.0 = Release|Any CPU
		{96E691ED-6094-465B-B8A6-FB5EA248BC3A}.Release|x86.ActiveCfg = Release|Any CPU
		{96E691ED-6094-465B-B8A6-FB5EA248BC3A}.Release|x86.Build.0 = Release|Any CPU
		{FB44B684-CE75-4ABA-9A58-605EC9F1C6A6}.Debug|Any CPU.ActiveCfg = Debug|Any CPU
		{FB44B684-CE75-4ABA-9A58-605EC9F1C6A6}.Debug|Any CPU.Build.0 = Debug|Any CPU
		{FB44B684-CE75-4ABA-9A58-605EC9F1C6A6}.Debug|ARM.ActiveCfg = Debug|Any CPU
		{FB44B684-CE75-4ABA-9A58-605EC9F1C6A6}.Debug|ARM.Build.0 = Debug|Any CPU
		{FB44B684-CE75-4ABA-9A58-605EC9F1C6A6}.Debug|ARM64.ActiveCfg = Debug|Any CPU
		{FB44B684-CE75-4ABA-9A58-605EC9F1C6A6}.Debug|ARM64.Build.0 = Debug|Any CPU
		{FB44B684-CE75-4ABA-9A58-605EC9F1C6A6}.Debug|x64.ActiveCfg = Debug|Any CPU
		{FB44B684-CE75-4ABA-9A58-605EC9F1C6A6}.Debug|x64.Build.0 = Debug|Any CPU
		{FB44B684-CE75-4ABA-9A58-605EC9F1C6A6}.Debug|x86.ActiveCfg = Debug|Any CPU
		{FB44B684-CE75-4ABA-9A58-605EC9F1C6A6}.Debug|x86.Build.0 = Debug|Any CPU
		{FB44B684-CE75-4ABA-9A58-605EC9F1C6A6}.Release|Any CPU.ActiveCfg = Release|Any CPU
		{FB44B684-CE75-4ABA-9A58-605EC9F1C6A6}.Release|Any CPU.Build.0 = Release|Any CPU
		{FB44B684-CE75-4ABA-9A58-605EC9F1C6A6}.Release|ARM.ActiveCfg = Release|Any CPU
		{FB44B684-CE75-4ABA-9A58-605EC9F1C6A6}.Release|ARM.Build.0 = Release|Any CPU
		{FB44B684-CE75-4ABA-9A58-605EC9F1C6A6}.Release|ARM64.ActiveCfg = Release|Any CPU
		{FB44B684-CE75-4ABA-9A58-605EC9F1C6A6}.Release|ARM64.Build.0 = Release|Any CPU
		{FB44B684-CE75-4ABA-9A58-605EC9F1C6A6}.Release|x64.ActiveCfg = Release|Any CPU
		{FB44B684-CE75-4ABA-9A58-605EC9F1C6A6}.Release|x64.Build.0 = Release|Any CPU
		{FB44B684-CE75-4ABA-9A58-605EC9F1C6A6}.Release|x86.ActiveCfg = Release|Any CPU
		{FB44B684-CE75-4ABA-9A58-605EC9F1C6A6}.Release|x86.Build.0 = Release|Any CPU
		{226F3575-B683-446D-A2F0-181291DC8787}.Debug|Any CPU.ActiveCfg = Debug|Any CPU
		{226F3575-B683-446D-A2F0-181291DC8787}.Debug|Any CPU.Build.0 = Debug|Any CPU
		{226F3575-B683-446D-A2F0-181291DC8787}.Debug|ARM.ActiveCfg = Debug|Any CPU
		{226F3575-B683-446D-A2F0-181291DC8787}.Debug|ARM.Build.0 = Debug|Any CPU
		{226F3575-B683-446D-A2F0-181291DC8787}.Debug|ARM64.ActiveCfg = Debug|Any CPU
		{226F3575-B683-446D-A2F0-181291DC8787}.Debug|ARM64.Build.0 = Debug|Any CPU
		{226F3575-B683-446D-A2F0-181291DC8787}.Debug|x64.ActiveCfg = Debug|Any CPU
		{226F3575-B683-446D-A2F0-181291DC8787}.Debug|x64.Build.0 = Debug|Any CPU
		{226F3575-B683-446D-A2F0-181291DC8787}.Debug|x86.ActiveCfg = Debug|Any CPU
		{226F3575-B683-446D-A2F0-181291DC8787}.Debug|x86.Build.0 = Debug|Any CPU
		{226F3575-B683-446D-A2F0-181291DC8787}.Release|Any CPU.ActiveCfg = Release|Any CPU
		{226F3575-B683-446D-A2F0-181291DC8787}.Release|Any CPU.Build.0 = Release|Any CPU
		{226F3575-B683-446D-A2F0-181291DC8787}.Release|ARM.ActiveCfg = Release|Any CPU
		{226F3575-B683-446D-A2F0-181291DC8787}.Release|ARM.Build.0 = Release|Any CPU
		{226F3575-B683-446D-A2F0-181291DC8787}.Release|ARM64.ActiveCfg = Release|Any CPU
		{226F3575-B683-446D-A2F0-181291DC8787}.Release|ARM64.Build.0 = Release|Any CPU
		{226F3575-B683-446D-A2F0-181291DC8787}.Release|x64.ActiveCfg = Release|Any CPU
		{226F3575-B683-446D-A2F0-181291DC8787}.Release|x64.Build.0 = Release|Any CPU
		{226F3575-B683-446D-A2F0-181291DC8787}.Release|x86.ActiveCfg = Release|Any CPU
		{226F3575-B683-446D-A2F0-181291DC8787}.Release|x86.Build.0 = Release|Any CPU
		{C853E9E0-8FF8-4A66-A8C4-39EBB2B40830}.Debug|Any CPU.ActiveCfg = Debug|x64
		{C853E9E0-8FF8-4A66-A8C4-39EBB2B40830}.Debug|Any CPU.Build.0 = Debug|x64
		{C853E9E0-8FF8-4A66-A8C4-39EBB2B40830}.Debug|Any CPU.Deploy.0 = Debug|x64
		{C853E9E0-8FF8-4A66-A8C4-39EBB2B40830}.Debug|ARM.ActiveCfg = Debug|ARM
		{C853E9E0-8FF8-4A66-A8C4-39EBB2B40830}.Debug|ARM.Build.0 = Debug|ARM
		{C853E9E0-8FF8-4A66-A8C4-39EBB2B40830}.Debug|ARM.Deploy.0 = Debug|ARM
		{C853E9E0-8FF8-4A66-A8C4-39EBB2B40830}.Debug|ARM64.ActiveCfg = Debug|ARM64
		{C853E9E0-8FF8-4A66-A8C4-39EBB2B40830}.Debug|ARM64.Build.0 = Debug|ARM64
		{C853E9E0-8FF8-4A66-A8C4-39EBB2B40830}.Debug|ARM64.Deploy.0 = Debug|ARM64
		{C853E9E0-8FF8-4A66-A8C4-39EBB2B40830}.Debug|x64.ActiveCfg = Debug|x64
		{C853E9E0-8FF8-4A66-A8C4-39EBB2B40830}.Debug|x64.Build.0 = Debug|x64
		{C853E9E0-8FF8-4A66-A8C4-39EBB2B40830}.Debug|x64.Deploy.0 = Debug|x64
		{C853E9E0-8FF8-4A66-A8C4-39EBB2B40830}.Debug|x86.ActiveCfg = Debug|x86
		{C853E9E0-8FF8-4A66-A8C4-39EBB2B40830}.Debug|x86.Build.0 = Debug|x86
		{C853E9E0-8FF8-4A66-A8C4-39EBB2B40830}.Debug|x86.Deploy.0 = Debug|x86
		{C853E9E0-8FF8-4A66-A8C4-39EBB2B40830}.Release|Any CPU.ActiveCfg = Release|x64
		{C853E9E0-8FF8-4A66-A8C4-39EBB2B40830}.Release|Any CPU.Build.0 = Release|x64
		{C853E9E0-8FF8-4A66-A8C4-39EBB2B40830}.Release|Any CPU.Deploy.0 = Release|x64
		{C853E9E0-8FF8-4A66-A8C4-39EBB2B40830}.Release|ARM.ActiveCfg = Release|ARM
		{C853E9E0-8FF8-4A66-A8C4-39EBB2B40830}.Release|ARM.Build.0 = Release|ARM
		{C853E9E0-8FF8-4A66-A8C4-39EBB2B40830}.Release|ARM.Deploy.0 = Release|ARM
		{C853E9E0-8FF8-4A66-A8C4-39EBB2B40830}.Release|ARM64.ActiveCfg = Release|ARM64
		{C853E9E0-8FF8-4A66-A8C4-39EBB2B40830}.Release|ARM64.Build.0 = Release|ARM64
		{C853E9E0-8FF8-4A66-A8C4-39EBB2B40830}.Release|ARM64.Deploy.0 = Release|ARM64
		{C853E9E0-8FF8-4A66-A8C4-39EBB2B40830}.Release|x64.ActiveCfg = Release|x64
		{C853E9E0-8FF8-4A66-A8C4-39EBB2B40830}.Release|x64.Build.0 = Release|x64
		{C853E9E0-8FF8-4A66-A8C4-39EBB2B40830}.Release|x64.Deploy.0 = Release|x64
		{C853E9E0-8FF8-4A66-A8C4-39EBB2B40830}.Release|x86.ActiveCfg = Release|x86
		{C853E9E0-8FF8-4A66-A8C4-39EBB2B40830}.Release|x86.Build.0 = Release|x86
		{C853E9E0-8FF8-4A66-A8C4-39EBB2B40830}.Release|x86.Deploy.0 = Release|x86
		{A825D5D3-BA4D-4823-B1D6-7BDB923363A8}.Debug|Any CPU.ActiveCfg = Debug|Any CPU
		{A825D5D3-BA4D-4823-B1D6-7BDB923363A8}.Debug|Any CPU.Build.0 = Debug|Any CPU
		{A825D5D3-BA4D-4823-B1D6-7BDB923363A8}.Debug|ARM.ActiveCfg = Debug|Any CPU
		{A825D5D3-BA4D-4823-B1D6-7BDB923363A8}.Debug|ARM.Build.0 = Debug|Any CPU
		{A825D5D3-BA4D-4823-B1D6-7BDB923363A8}.Debug|ARM64.ActiveCfg = Debug|Any CPU
		{A825D5D3-BA4D-4823-B1D6-7BDB923363A8}.Debug|ARM64.Build.0 = Debug|Any CPU
		{A825D5D3-BA4D-4823-B1D6-7BDB923363A8}.Debug|x64.ActiveCfg = Debug|Any CPU
		{A825D5D3-BA4D-4823-B1D6-7BDB923363A8}.Debug|x64.Build.0 = Debug|Any CPU
		{A825D5D3-BA4D-4823-B1D6-7BDB923363A8}.Debug|x86.ActiveCfg = Debug|Any CPU
		{A825D5D3-BA4D-4823-B1D6-7BDB923363A8}.Debug|x86.Build.0 = Debug|Any CPU
		{A825D5D3-BA4D-4823-B1D6-7BDB923363A8}.Release|Any CPU.ActiveCfg = Release|Any CPU
		{A825D5D3-BA4D-4823-B1D6-7BDB923363A8}.Release|Any CPU.Build.0 = Release|Any CPU
		{A825D5D3-BA4D-4823-B1D6-7BDB923363A8}.Release|ARM.ActiveCfg = Release|Any CPU
		{A825D5D3-BA4D-4823-B1D6-7BDB923363A8}.Release|ARM.Build.0 = Release|Any CPU
		{A825D5D3-BA4D-4823-B1D6-7BDB923363A8}.Release|ARM64.ActiveCfg = Release|Any CPU
		{A825D5D3-BA4D-4823-B1D6-7BDB923363A8}.Release|ARM64.Build.0 = Release|Any CPU
		{A825D5D3-BA4D-4823-B1D6-7BDB923363A8}.Release|x64.ActiveCfg = Release|Any CPU
		{A825D5D3-BA4D-4823-B1D6-7BDB923363A8}.Release|x64.Build.0 = Release|Any CPU
		{A825D5D3-BA4D-4823-B1D6-7BDB923363A8}.Release|x86.ActiveCfg = Release|Any CPU
		{A825D5D3-BA4D-4823-B1D6-7BDB923363A8}.Release|x86.Build.0 = Release|Any CPU
	EndGlobalSection
	GlobalSection(SolutionProperties) = preSolution
		HideSolutionNode = FALSE
	EndGlobalSection
	GlobalSection(ExtensibilityGlobals) = postSolution
		SolutionGuid = {D8F4C9F3-353D-48FC-9CB3-DFE35C4490F1}
	EndGlobalSection
EndGlobal
